// !$*UTF8*$!
{
	archiveVersion = 1;
	classes = {
	};
	objectVersion = 77;
	objects = {

/* Begin PBXBuildFile section */
		1CC8620810444BC263EC846B /* FormatUtils.swift in Sources */ = {isa = PBXBuildFile; fileRef = B532B37DABAB2B4686CF510A /* FormatUtils.swift */; };
		267B44B9A4AC738624CFCB6F /* SidebarView.swift in Sources */ = {isa = PBXBuildFile; fileRef = 2736C28D805D99F6CADAAD00 /* SidebarView.swift */; };
		2825F9B83DFDE6D04E8008E1 /* POTableView.swift in Sources */ = {isa = PBXBuildFile; fileRef = E45CB1E49E570A54BAB7552A /* POTableView.swift */; };
		2C316BD666D7D372ABED8EAD /* ApprovalHelpers.swift in Sources */ = {isa = PBXBuildFile; fileRef = 28E79E80D085384B606D1C43 /* ApprovalHelpers.swift */; };
		31D1DD2D11380E16B76DBB64 /* CompatActionSheet.swift in Sources */ = {isa = PBXBuildFile; fileRef = 37F621DE001328FE4B12CDD1 /* CompatActionSheet.swift */; };
		33E901B2490204392C08ED1A /* Models.swift in Sources */ = {isa = PBXBuildFile; fileRef = 09763CA00F19737D01701F26 /* Models.swift */; };
		3520AC254B0EEB2CE0D3FAB8 /* InvoicesModuleView.swift in Sources */ = {isa = PBXBuildFile; fileRef = 67A30CA6B2E5D2F7B08311C8 /* InvoicesModuleView.swift */; };
		450E92B3106541B4FB2B4882 /* RejectSheetView.swift in Sources */ = {isa = PBXBuildFile; fileRef = D3DF5F14E89F20F59FB509F7 /* RejectSheetView.swift */; };
		51CB77D53C2B7D875F30A63B /* ZillitPOApp.swift in Sources */ = {isa = PBXBuildFile; fileRef = 4B57D8C30DC7258CD8598F6A /* ZillitPOApp.swift */; };
		5491E241E6C3B39473B9FCB9 /* DepartmentPOModule.swift in Sources */ = {isa = PBXBuildFile; fileRef = 4971A25360236769BF3C7A98 /* DepartmentPOModule.swift */; };
		670B7CB8CFD3440F3E658CB9 /* VendorsModuleView.swift in Sources */ = {isa = PBXBuildFile; fileRef = 6812F1C01215B74AA4C1BEAC /* VendorsModuleView.swift */; };
		6B094D5A95D4758E1AD76D50 /* DateFieldView.swift in Sources */ = {isa = PBXBuildFile; fileRef = DC846F0DB232B84FFACE5F1A /* DateFieldView.swift */; };
		72C6034B63B6B6EDD30E5C83 /* POViewModel+funcs.swift in Sources */ = {isa = PBXBuildFile; fileRef = B24E075E1F9313AC205B8365 /* POViewModel+funcs.swift */; };
		774B7FC104CA594323D21856 /* LoaderView.swift in Sources */ = {isa = PBXBuildFile; fileRef = EF38B0F1B39DE5E18FF0FEED /* LoaderView.swift */; };
		83C802D57DD5F1F29083F967 /* PORequest.swift in Sources */ = {isa = PBXBuildFile; fileRef = AE11BE00E3FF59B95CE211C7 /* PORequest.swift */; };
		9731929AF8A49FA6A53B05EF /* POStatsCards.swift in Sources */ = {isa = PBXBuildFile; fileRef = E3249A0D4B64A7008A670D3D /* POStatsCards.swift */; };
		9EB249AA0238A86382DF5710 /* POTemplatesListView.swift in Sources */ = {isa = PBXBuildFile; fileRef = 6670BC6BB754B8093DA0923E /* POTemplatesListView.swift */; };
		A78766B18100482E8D952295 /* POViewModel.swift in Sources */ = {isa = PBXBuildFile; fileRef = 168351D1931758DA901F933A /* POViewModel.swift */; };
		B6CEC26AE7A3748A629B8FC3 /* APIClient.swift in Sources */ = {isa = PBXBuildFile; fileRef = 2381E2B5CA72D943987DCF8D /* APIClient.swift */; };
		BCAF479A1212FAE60BC9F304 /* PODraftsListView.swift in Sources */ = {isa = PBXBuildFile; fileRef = 88F5B290EDB19FFDBCA0166D /* PODraftsListView.swift */; };
		BE7F74A11D13BD44C7E7F29C /* PODetailModalView.swift in Sources */ = {isa = PBXBuildFile; fileRef = 3E744912AD6F810D89618665 /* PODetailModalView.swift */; };
		C0B9E987AA9BC1F0C5541019 /* POViewModel+enums.swift in Sources */ = {isa = PBXBuildFile; fileRef = 55EC0437F90CDC780913EDE8 /* POViewModel+enums.swift */; };
		C6162CD352BBF3D4E4D52D3E /* POViewModel+apis.swift in Sources */ = {isa = PBXBuildFile; fileRef = 45D2F17C41A6F69204093DCE /* POViewModel+apis.swift */; };
		CC148E24B8C17EEF616707F3 /* POCodableTask.swift in Sources */ = {isa = PBXBuildFile; fileRef = 0DBB8DC7E98BDB51D7D0CF81 /* POCodableTask.swift */; };
		D626AE1BB7F5118FD2D5C1B8 /* StaticData.swift in Sources */ = {isa = PBXBuildFile; fileRef = 6659BE5956A7630BA255FB91 /* StaticData.swift */; };
		DC3CCEDE3C9F39D081ACA40C /* ContentView.swift in Sources */ = {isa = PBXBuildFile; fileRef = DEADD6F899B8A91D292338E7 /* ContentView.swift */; };
		DEA78B934C5ED94E55AC539E /* POFormView.swift in Sources */ = {isa = PBXBuildFile; fileRef = F7349E3AA955C5C02C9E2FEB /* POFormView.swift */; };
		EBC789D2BBF282BFC8E76483 /* VATHelpers.swift in Sources */ = {isa = PBXBuildFile; fileRef = 7983D12F61324F5BCA140EEB /* VATHelpers.swift */; };
		FD6EE2EF5FAEF72678DC97CF /* QuickFiltersBar.swift in Sources */ = {isa = PBXBuildFile; fileRef = D966C5823F87C20C53E76C1E /* QuickFiltersBar.swift */; };
/* End PBXBuildFile section */

/* Begin PBXFileReference section */
		09763CA00F19737D01701F26 /* Models.swift */ = {isa = PBXFileReference; lastKnownFileType = sourcecode.swift; path = Models.swift; sourceTree = "<group>"; };
		0DBB8DC7E98BDB51D7D0CF81 /* POCodableTask.swift */ = {isa = PBXFileReference; lastKnownFileType = sourcecode.swift; path = POCodableTask.swift; sourceTree = "<group>"; };
		168351D1931758DA901F933A /* POViewModel.swift */ = {isa = PBXFileReference; lastKnownFileType = sourcecode.swift; path = POViewModel.swift; sourceTree = "<group>"; };
		2381E2B5CA72D943987DCF8D /* APIClient.swift */ = {isa = PBXFileReference; lastKnownFileType = sourcecode.swift; path = APIClient.swift; sourceTree = "<group>"; };
		2736C28D805D99F6CADAAD00 /* SidebarView.swift */ = {isa = PBXFileReference; lastKnownFileType = sourcecode.swift; path = SidebarView.swift; sourceTree = "<group>"; };
		28E79E80D085384B606D1C43 /* ApprovalHelpers.swift */ = {isa = PBXFileReference; lastKnownFileType = sourcecode.swift; path = ApprovalHelpers.swift; sourceTree = "<group>"; };
		37F621DE001328FE4B12CDD1 /* CompatActionSheet.swift */ = {isa = PBXFileReference; lastKnownFileType = sourcecode.swift; path = CompatActionSheet.swift; sourceTree = "<group>"; };
		3E744912AD6F810D89618665 /* PODetailModalView.swift */ = {isa = PBXFileReference; lastKnownFileType = sourcecode.swift; path = PODetailModalView.swift; sourceTree = "<group>"; };
		45D2F17C41A6F69204093DCE /* POViewModel+apis.swift */ = {isa = PBXFileReference; lastKnownFileType = sourcecode.swift; path = "POViewModel+apis.swift"; sourceTree = "<group>"; };
		4971A25360236769BF3C7A98 /* DepartmentPOModule.swift */ = {isa = PBXFileReference; lastKnownFileType = sourcecode.swift; path = DepartmentPOModule.swift; sourceTree = "<group>"; };
		4B57D8C30DC7258CD8598F6A /* ZillitPOApp.swift */ = {isa = PBXFileReference; lastKnownFileType = sourcecode.swift; path = ZillitPOApp.swift; sourceTree = "<group>"; };
		55EC0437F90CDC780913EDE8 /* POViewModel+enums.swift */ = {isa = PBXFileReference; lastKnownFileType = sourcecode.swift; path = "POViewModel+enums.swift"; sourceTree = "<group>"; };
		6659BE5956A7630BA255FB91 /* StaticData.swift */ = {isa = PBXFileReference; lastKnownFileType = sourcecode.swift; path = StaticData.swift; sourceTree = "<group>"; };
		666B5C9AB688C2DFC076CEC5 /* Info.plist */ = {isa = PBXFileReference; lastKnownFileType = text.plist; path = Info.plist; sourceTree = "<group>"; };
		6670BC6BB754B8093DA0923E /* POTemplatesListView.swift */ = {isa = PBXFileReference; lastKnownFileType = sourcecode.swift; path = POTemplatesListView.swift; sourceTree = "<group>"; };
		67A30CA6B2E5D2F7B08311C8 /* InvoicesModuleView.swift */ = {isa = PBXFileReference; lastKnownFileType = sourcecode.swift; path = InvoicesModuleView.swift; sourceTree = "<group>"; };
		6812F1C01215B74AA4C1BEAC /* VendorsModuleView.swift */ = {isa = PBXFileReference; lastKnownFileType = sourcecode.swift; path = VendorsModuleView.swift; sourceTree = "<group>"; };
		7983D12F61324F5BCA140EEB /* VATHelpers.swift */ = {isa = PBXFileReference; lastKnownFileType = sourcecode.swift; path = VATHelpers.swift; sourceTree = "<group>"; };
		88F5B290EDB19FFDBCA0166D /* PODraftsListView.swift */ = {isa = PBXFileReference; lastKnownFileType = sourcecode.swift; path = PODraftsListView.swift; sourceTree = "<group>"; };
		9D96523BE6EC49850CF6841E /* ZillitPO.app */ = {isa = PBXFileReference; explicitFileType = wrapper.application; includeInIndex = 0; path = ZillitPO.app; sourceTree = BUILT_PRODUCTS_DIR; };
		AE11BE00E3FF59B95CE211C7 /* PORequest.swift */ = {isa = PBXFileReference; lastKnownFileType = sourcecode.swift; path = PORequest.swift; sourceTree = "<group>"; };
		B24E075E1F9313AC205B8365 /* POViewModel+funcs.swift */ = {isa = PBXFileReference; lastKnownFileType = sourcecode.swift; path = "POViewModel+funcs.swift"; sourceTree = "<group>"; };
		B532B37DABAB2B4686CF510A /* FormatUtils.swift */ = {isa = PBXFileReference; lastKnownFileType = sourcecode.swift; path = FormatUtils.swift; sourceTree = "<group>"; };
		D3DF5F14E89F20F59FB509F7 /* RejectSheetView.swift */ = {isa = PBXFileReference; lastKnownFileType = sourcecode.swift; path = RejectSheetView.swift; sourceTree = "<group>"; };
		D966C5823F87C20C53E76C1E /* QuickFiltersBar.swift */ = {isa = PBXFileReference; lastKnownFileType = sourcecode.swift; path = QuickFiltersBar.swift; sourceTree = "<group>"; };
		DC846F0DB232B84FFACE5F1A /* DateFieldView.swift */ = {isa = PBXFileReference; lastKnownFileType = sourcecode.swift; path = DateFieldView.swift; sourceTree = "<group>"; };
		DEADD6F899B8A91D292338E7 /* ContentView.swift */ = {isa = PBXFileReference; lastKnownFileType = sourcecode.swift; path = ContentView.swift; sourceTree = "<group>"; };
		E3249A0D4B64A7008A670D3D /* POStatsCards.swift */ = {isa = PBXFileReference; lastKnownFileType = sourcecode.swift; path = POStatsCards.swift; sourceTree = "<group>"; };
		E45CB1E49E570A54BAB7552A /* POTableView.swift */ = {isa = PBXFileReference; lastKnownFileType = sourcecode.swift; path = POTableView.swift; sourceTree = "<group>"; };
		EF38B0F1B39DE5E18FF0FEED /* LoaderView.swift */ = {isa = PBXFileReference; lastKnownFileType = sourcecode.swift; path = LoaderView.swift; sourceTree = "<group>"; };
		F7349E3AA955C5C02C9E2FEB /* POFormView.swift */ = {isa = PBXFileReference; lastKnownFileType = sourcecode.swift; path = POFormView.swift; sourceTree = "<group>"; };
/* End PBXFileReference section */

/* Begin PBXGroup section */
		00289A7686F0ADF8A997BFDD /* ViewModel */ = {
			isa = PBXGroup;
			children = (
				168351D1931758DA901F933A /* POViewModel.swift */,
				45D2F17C41A6F69204093DCE /* POViewModel+apis.swift */,
				55EC0437F90CDC780913EDE8 /* POViewModel+enums.swift */,
				B24E075E1F9313AC205B8365 /* POViewModel+funcs.swift */,
			);
			path = ViewModel;
			sourceTree = "<group>";
		};
		15BB6C80BF097DC0472616D4 /* Data */ = {
			isa = PBXGroup;
			children = (
				6659BE5956A7630BA255FB91 /* StaticData.swift */,
			);
			path = Data;
			sourceTree = "<group>";
		};
		53C135B79BB0488524F26701 /* PurchaseOrders */ = {
			isa = PBXGroup;
			children = (
				4971A25360236769BF3C7A98 /* DepartmentPOModule.swift */,
				3E744912AD6F810D89618665 /* PODetailModalView.swift */,
				88F5B290EDB19FFDBCA0166D /* PODraftsListView.swift */,
				F7349E3AA955C5C02C9E2FEB /* POFormView.swift */,
				E45CB1E49E570A54BAB7552A /* POTableView.swift */,
				6670BC6BB754B8093DA0923E /* POTemplatesListView.swift */,
			);
			path = PurchaseOrders;
			sourceTree = "<group>";
		};
		5B7325777A9F177DCBFF6E83 /* Components */ = {
			isa = PBXGroup;
			children = (
				37F621DE001328FE4B12CDD1 /* CompatActionSheet.swift */,
				DC846F0DB232B84FFACE5F1A /* DateFieldView.swift */,
				EF38B0F1B39DE5E18FF0FEED /* LoaderView.swift */,
				E3249A0D4B64A7008A670D3D /* POStatsCards.swift */,
				D966C5823F87C20C53E76C1E /* QuickFiltersBar.swift */,
				D3DF5F14E89F20F59FB509F7 /* RejectSheetView.swift */,
			);
			path = Components;
			sourceTree = "<group>";
		};
		8C3DD87D32739A94B2B46C93 /* Products */ = {
			isa = PBXGroup;
			children = (
				9D96523BE6EC49850CF6841E /* ZillitPO.app */,
			);
			name = Products;
			sourceTree = "<group>";
		};
		8F0DAD9F8101D5EBB12B7A95 /* ZillitPO */ = {
			isa = PBXGroup;
			children = (
				666B5C9AB688C2DFC076CEC5 /* Info.plist */,
				9D2A1226FA54DB01BF09C03D /* App */,
				15BB6C80BF097DC0472616D4 /* Data */,
				E0252A0EDA05B376E50BDD33 /* Models */,
				AE5C4A9AC4CC01EB701B68D3 /* Network */,
				B6BECE480CCF5BABA892EB47 /* Utils */,
				00289A7686F0ADF8A997BFDD /* ViewModel */,
				C11EB9C40D267F1FF4A91262 /* Views */,
			);
			path = ZillitPO;
			sourceTree = "<group>";
		};
		9D2A1226FA54DB01BF09C03D /* App */ = {
			isa = PBXGroup;
			children = (
				4B57D8C30DC7258CD8598F6A /* ZillitPOApp.swift */,
			);
			path = App;
			sourceTree = "<group>";
		};
		A0DC193E8D008C1D3CC95748 /* Invoices */ = {
			isa = PBXGroup;
			children = (
				67A30CA6B2E5D2F7B08311C8 /* InvoicesModuleView.swift */,
			);
			path = Invoices;
			sourceTree = "<group>";
		};
		AE5C4A9AC4CC01EB701B68D3 /* Network */ = {
			isa = PBXGroup;
			children = (
				2381E2B5CA72D943987DCF8D /* APIClient.swift */,
				0DBB8DC7E98BDB51D7D0CF81 /* POCodableTask.swift */,
				AE11BE00E3FF59B95CE211C7 /* PORequest.swift */,
			);
			path = Network;
			sourceTree = "<group>";
		};
		B6BECE480CCF5BABA892EB47 /* Utils */ = {
			isa = PBXGroup;
			children = (
				28E79E80D085384B606D1C43 /* ApprovalHelpers.swift */,
				B532B37DABAB2B4686CF510A /* FormatUtils.swift */,
				7983D12F61324F5BCA140EEB /* VATHelpers.swift */,
			);
			path = Utils;
			sourceTree = "<group>";
		};
		C11EB9C40D267F1FF4A91262 /* Views */ = {
			isa = PBXGroup;
			children = (
				5B7325777A9F177DCBFF6E83 /* Components */,
				A0DC193E8D008C1D3CC95748 /* Invoices */,
				C9DAE5FAEC94B5815B2F94B7 /* Main */,
				53C135B79BB0488524F26701 /* PurchaseOrders */,
				FFA644E33260D58A44987975 /* Vendors */,
			);
			path = Views;
			sourceTree = "<group>";
		};
		C9DAE5FAEC94B5815B2F94B7 /* Main */ = {
			isa = PBXGroup;
			children = (
				DEADD6F899B8A91D292338E7 /* ContentView.swift */,
				2736C28D805D99F6CADAAD00 /* SidebarView.swift */,
			);
			path = Main;
			sourceTree = "<group>";
		};
		E0252A0EDA05B376E50BDD33 /* Models */ = {
			isa = PBXGroup;
			children = (
				09763CA00F19737D01701F26 /* Models.swift */,
			);
			path = Models;
			sourceTree = "<group>";
		};
		EA316021BF0213BFB11AECF6 = {
			isa = PBXGroup;
			children = (
				8F0DAD9F8101D5EBB12B7A95 /* ZillitPO */,
				8C3DD87D32739A94B2B46C93 /* Products */,
			);
			sourceTree = "<group>";
		};
		FFA644E33260D58A44987975 /* Vendors */ = {
			isa = PBXGroup;
			children = (
				6812F1C01215B74AA4C1BEAC /* VendorsModuleView.swift */,
			);
			path = Vendors;
			sourceTree = "<group>";
		};
/* End PBXGroup section */

/* Begin PBXNativeTarget section */
		C2945557C78F041EEF6220E9 /* ZillitPO */ = {
			isa = PBXNativeTarget;
			buildConfigurationList = 67DCF49463E987332A6FBBBA /* Build configuration list for PBXNativeTarget "ZillitPO" */;
			buildPhases = (
				7D9A9F77DD77DB8F3CC2A971 /* Sources */,
			);
			buildRules = (
			);
			dependencies = (
			);
			name = ZillitPO;
			packageProductDependencies = (
			);
			productName = ZillitPO;
			productReference = 9D96523BE6EC49850CF6841E /* ZillitPO.app */;
			productType = "com.apple.product-type.application";
		};
/* End PBXNativeTarget section */

/* Begin PBXProject section */
		4D0EB0539FC9850D20328C33 /* Project object */ = {
			isa = PBXProject;
			attributes = {
				BuildIndependentTargetsInParallel = YES;
				LastUpgradeCheck = 1500;
			};
			buildConfigurationList = 850016FF538AF5A3F2D8CC23 /* Build configuration list for PBXProject "ZillitPO" */;
			developmentRegion = en;
			hasScannedForEncodings = 0;
			knownRegions = (
				Base,
				en,
			);
			mainGroup = EA316021BF0213BFB11AECF6;
			minimizedProjectReferenceProxies = 1;
			preferredProjectObjectVersion = 77;
			productRefGroup = 8C3DD87D32739A94B2B46C93 /* Products */;
			projectDirPath = "";
			projectRoot = "";
			targets = (
				C2945557C78F041EEF6220E9 /* ZillitPO */,
			);
		};
/* End PBXProject section */

/* Begin PBXSourcesBuildPhase section */
		7D9A9F77DD77DB8F3CC2A971 /* Sources */ = {
			isa = PBXSourcesBuildPhase;
			buildActionMask = 2147483647;
			files = (
				B6CEC26AE7A3748A629B8FC3 /* APIClient.swift in Sources */,
				2C316BD666D7D372ABED8EAD /* ApprovalHelpers.swift in Sources */,
				31D1DD2D11380E16B76DBB64 /* CompatActionSheet.swift in Sources */,
				DC3CCEDE3C9F39D081ACA40C /* ContentView.swift in Sources */,
				6B094D5A95D4758E1AD76D50 /* DateFieldView.swift in Sources */,
				5491E241E6C3B39473B9FCB9 /* DepartmentPOModule.swift in Sources */,
				1CC8620810444BC263EC846B /* FormatUtils.swift in Sources */,
				3520AC254B0EEB2CE0D3FAB8 /* InvoicesModuleView.swift in Sources */,
				774B7FC104CA594323D21856 /* LoaderView.swift in Sources */,
				33E901B2490204392C08ED1A /* Models.swift in Sources */,
				CC148E24B8C17EEF616707F3 /* POCodableTask.swift in Sources */,
				BE7F74A11D13BD44C7E7F29C /* PODetailModalView.swift in Sources */,
				BCAF479A1212FAE60BC9F304 /* PODraftsListView.swift in Sources */,
				DEA78B934C5ED94E55AC539E /* POFormView.swift in Sources */,
				83C802D57DD5F1F29083F967 /* PORequest.swift in Sources */,
				9731929AF8A49FA6A53B05EF /* POStatsCards.swift in Sources */,
				2825F9B83DFDE6D04E8008E1 /* POTableView.swift in Sources */,
				9EB249AA0238A86382DF5710 /* POTemplatesListView.swift in Sources */,
				C6162CD352BBF3D4E4D52D3E /* POViewModel+apis.swift in Sources */,
				C0B9E987AA9BC1F0C5541019 /* POViewModel+enums.swift in Sources */,
				72C6034B63B6B6EDD30E5C83 /* POViewModel+funcs.swift in Sources */,
				A78766B18100482E8D952295 /* POViewModel.swift in Sources */,
				FD6EE2EF5FAEF72678DC97CF /* QuickFiltersBar.swift in Sources */,
				450E92B3106541B4FB2B4882 /* RejectSheetView.swift in Sources */,
				267B44B9A4AC738624CFCB6F /* SidebarView.swift in Sources */,
				D626AE1BB7F5118FD2D5C1B8 /* StaticData.swift in Sources */,
				EBC789D2BBF282BFC8E76483 /* VATHelpers.swift in Sources */,
				670B7CB8CFD3440F3E658CB9 /* VendorsModuleView.swift in Sources */,
				51CB77D53C2B7D875F30A63B /* ZillitPOApp.swift in Sources */,
			);
			runOnlyForDeploymentPostprocessing = 0;
		};
/* End PBXSourcesBuildPhase section */

/* Begin XCBuildConfiguration section */
		18D5B0220CE0578484EC3036 /* Debug */ = {
			isa = XCBuildConfiguration;
			buildSettings = {
				ALWAYS_SEARCH_USER_PATHS = NO;
				CLANG_ANALYZER_NONNULL = YES;
				CLANG_ANALYZER_NUMBER_OBJECT_CONVERSION = YES_AGGRESSIVE;
				CLANG_CXX_LANGUAGE_STANDARD = "gnu++14";
				CLANG_CXX_LIBRARY = "libc++";
				CLANG_ENABLE_MODULES = YES;
				CLANG_ENABLE_OBJC_ARC = YES;
				CLANG_ENABLE_OBJC_WEAK = YES;
				CLANG_WARN_BLOCK_CAPTURE_AUTORELEASING = YES;
				CLANG_WARN_BOOL_CONVERSION = YES;
				CLANG_WARN_COMMA = YES;
				CLANG_WARN_CONSTANT_CONVERSION = YES;
				CLANG_WARN_DEPRECATED_OBJC_IMPLEMENTATIONS = YES;
				CLANG_WARN_DIRECT_OBJC_ISA_USAGE = YES_ERROR;
				CLANG_WARN_DOCUMENTATION_COMMENTS = YES;
				CLANG_WARN_EMPTY_BODY = YES;
				CLANG_WARN_ENUM_CONVERSION = YES;
				CLANG_WARN_INFINITE_RECURSION = YES;
				CLANG_WARN_INT_CONVERSION = YES;
				CLANG_WARN_NON_LITERAL_NULL_CONVERSION = YES;
				CLANG_WARN_OBJC_IMPLICIT_RETAIN_SELF = YES;
				CLANG_WARN_OBJC_LITERAL_CONVERSION = YES;
				CLANG_WARN_OBJC_ROOT_CLASS = YES_ERROR;
				CLANG_WARN_QUOTED_INCLUDE_IN_FRAMEWORK_HEADER = YES;
				CLANG_WARN_RANGE_LOOP_ANALYSIS = YES;
				CLANG_WARN_STRICT_PROTOTYPES = YES;
				CLANG_WARN_SUSPICIOUS_MOVE = YES;
				CLANG_WARN_UNGUARDED_AVAILABILITY = YES_AGGRESSIVE;
				CLANG_WARN_UNREACHABLE_CODE = YES;
				CLANG_WARN__DUPLICATE_METHOD_MATCH = YES;
				COPY_PHASE_STRIP = NO;
				DEBUG_INFORMATION_FORMAT = dwarf;
				ENABLE_STRICT_OBJC_MSGSEND = YES;
				ENABLE_TESTABILITY = YES;
				GCC_C_LANGUAGE_STANDARD = gnu11;
				GCC_DYNAMIC_NO_PIC = NO;
				GCC_NO_COMMON_BLOCKS = YES;
				GCC_OPTIMIZATION_LEVEL = 0;
				GCC_PREPROCESSOR_DEFINITIONS = (
					"$(inherited)",
					"DEBUG=1",
				);
				GCC_WARN_64_TO_32_BIT_CONVERSION = YES;
				GCC_WARN_ABOUT_RETURN_TYPE = YES_ERROR;
				GCC_WARN_UNDECLARED_SELECTOR = YES;
				GCC_WARN_UNINITIALIZED_AUTOS = YES_AGGRESSIVE;
				GCC_WARN_UNUSED_FUNCTION = YES;
				GCC_WARN_UNUSED_VARIABLE = YES;
				IPHONEOS_DEPLOYMENT_TARGET = 13.0;
				MTL_ENABLE_DEBUG_INFO = INCLUDE_SOURCE;
				MTL_FAST_MATH = YES;
				ONLY_ACTIVE_ARCH = YES;
				PRODUCT_NAME = "$(TARGET_NAME)";
				SDKROOT = iphoneos;
				SWIFT_ACTIVE_COMPILATION_CONDITIONS = DEBUG;
				SWIFT_OPTIMIZATION_LEVEL = "-Onone";
				SWIFT_VERSION = 5.9;
			};
			name = Debug;
		};
		1C7083CF3C074A9034F3EF6D /* Release */ = {
			isa = XCBuildConfiguration;
			buildSettings = {
				ASSETCATALOG_COMPILER_APPICON_NAME = AppIcon;
				CODE_SIGN_IDENTITY = "iPhone Developer";
				CURRENT_PROJECT_VERSION = 1;
				DEVELOPMENT_TEAM = NW826YVGWW;
				GENERATE_INFOPLIST_FILE = NO;
				INFOPLIST_FILE = ZillitPO/Info.plist;
				IPHONEOS_DEPLOYMENT_TARGET = 13.0;
				LD_RUNPATH_SEARCH_PATHS = (
					"$(inherited)",
					"@executable_path/Frameworks",
				);
				MARKETING_VERSION = 1.0;
				PRODUCT_BUNDLE_IDENTIFIER = com4.zillit.coda.po;
				SDKROOT = iphoneos;
				TARGETED_DEVICE_FAMILY = "1,2";
			};
			name = Release;
		};
		C919EE56596F978F8D659418 /* Debug */ = {
			isa = XCBuildConfiguration;
			buildSettings = {
				ASSETCATALOG_COMPILER_APPICON_NAME = AppIcon;
				CODE_SIGN_IDENTITY = "iPhone Developer";
				CURRENT_PROJECT_VERSION = 1;
				DEVELOPMENT_TEAM = NW826YVGWW;
				GENERATE_INFOPLIST_FILE = NO;
				INFOPLIST_FILE = ZillitPO/Info.plist;
				IPHONEOS_DEPLOYMENT_TARGET = 13.0;
				LD_RUNPATH_SEARCH_PATHS = (
					"$(inherited)",
					"@executable_path/Frameworks",
				);
				MARKETING_VERSION = 1.0;
				PRODUCT_BUNDLE_IDENTIFIER = com4.zillit.coda.po;
				SDKROOT = iphoneos;
				TARGETED_DEVICE_FAMILY = "1,2";
			};
			name = Debug;
		};
		D0490E26C1A6A933CFC83E53 /* Release */ = {
			isa = XCBuildConfiguration;
			buildSettings = {
				ALWAYS_SEARCH_USER_PATHS = NO;
				CLANG_ANALYZER_NONNULL = YES;
				CLANG_ANALYZER_NUMBER_OBJECT_CONVERSION = YES_AGGRESSIVE;
				CLANG_CXX_LANGUAGE_STANDARD = "gnu++14";
				CLANG_CXX_LIBRARY = "libc++";
				CLANG_ENABLE_MODULES = YES;
				CLANG_ENABLE_OBJC_ARC = YES;
				CLANG_ENABLE_OBJC_WEAK = YES;
				CLANG_WARN_BLOCK_CAPTURE_AUTORELEASING = YES;
				CLANG_WARN_BOOL_CONVERSION = YES;
				CLANG_WARN_COMMA = YES;
				CLANG_WARN_CONSTANT_CONVERSION = YES;
				CLANG_WARN_DEPRECATED_OBJC_IMPLEMENTATIONS = YES;
				CLANG_WARN_DIRECT_OBJC_ISA_USAGE = YES_ERROR;
				CLANG_WARN_DOCUMENTATION_COMMENTS = YES;
				CLANG_WARN_EMPTY_BODY = YES;
				CLANG_WARN_ENUM_CONVERSION = YES;
				CLANG_WARN_INFINITE_RECURSION = YES;
				CLANG_WARN_INT_CONVERSION = YES;
				CLANG_WARN_NON_LITERAL_NULL_CONVERSION = YES;
				CLANG_WARN_OBJC_IMPLICIT_RETAIN_SELF = YES;
				CLANG_WARN_OBJC_LITERAL_CONVERSION = YES;
				CLANG_WARN_OBJC_ROOT_CLASS = YES_ERROR;
				CLANG_WARN_QUOTED_INCLUDE_IN_FRAMEWORK_HEADER = YES;
				CLANG_WARN_RANGE_LOOP_ANALYSIS = YES;
				CLANG_WARN_STRICT_PROTOTYPES = YES;
				CLANG_WARN_SUSPICIOUS_MOVE = YES;
				CLANG_WARN_UNGUARDED_AVAILABILITY = YES_AGGRESSIVE;
				CLANG_WARN_UNREACHABLE_CODE = YES;
				CLANG_WARN__DUPLICATE_METHOD_MATCH = YES;
				COPY_PHASE_STRIP = NO;
				DEBUG_INFORMATION_FORMAT = "dwarf-with-dsym";
				ENABLE_NS_ASSERTIONS = NO;
				ENABLE_STRICT_OBJC_MSGSEND = YES;
				GCC_C_LANGUAGE_STANDARD = gnu11;
				GCC_NO_COMMON_BLOCKS = YES;
				GCC_WARN_64_TO_32_BIT_CONVERSION = YES;
				GCC_WARN_ABOUT_RETURN_TYPE = YES_ERROR;
				GCC_WARN_UNDECLARED_SELECTOR = YES;
				GCC_WARN_UNINITIALIZED_AUTOS = YES_AGGRESSIVE;
				GCC_WARN_UNUSED_FUNCTION = YES;
				GCC_WARN_UNUSED_VARIABLE = YES;
				IPHONEOS_DEPLOYMENT_TARGET = 13.0;
				MTL_ENABLE_DEBUG_INFO = NO;
				MTL_FAST_MATH = YES;
				PRODUCT_NAME = "$(TARGET_NAME)";
				SDKROOT = iphoneos;
				SWIFT_COMPILATION_MODE = wholemodule;
				SWIFT_OPTIMIZATION_LEVEL = "-O";
				SWIFT_VERSION = 5.9;
			};
			name = Release;
		};
/* End XCBuildConfiguration section */

/* Begin XCConfigurationList section */
		67DCF49463E987332A6FBBBA /* Build configuration list for PBXNativeTarget "ZillitPO" */ = {
			isa = XCConfigurationList;
			buildConfigurations = (
				C919EE56596F978F8D659418 /* Debug */,
				1C7083CF3C074A9034F3EF6D /* Release */,
			);
			defaultConfigurationIsVisible = 0;
			defaultConfigurationName = Debug;
		};
		850016FF538AF5A3F2D8CC23 /* Build configuration list for PBXProject "ZillitPO" */ = {
			isa = XCConfigurationList;
			buildConfigurations = (
				18D5B0220CE0578484EC3036 /* Debug */,
				D0490E26C1A6A933CFC83E53 /* Release */,
			);
			defaultConfigurationIsVisible = 0;
			defaultConfigurationName = Debug;
		};
/* End XCConfigurationList section */
	};
	rootObject = 4D0EB0539FC9850D20328C33 /* Project object */;
}
